
Microsoft Visual Studio Solution File, Format Version 12.00
# Visual Studio 14
VisualStudioVersion = 14.0.25420.1
MinimumVisualStudioVersion = 10.0.40219.1
Project("{FAE04EC0-301F-11D3-BF4B-00C04F79EFBC}") = "ChatApp.Ui", "ConsoleApplication4\ChatApp.Ui.csproj", "{A806BA0F-4097-413A-A3F0-30496BCFBFE2}"
EndProject
Project("{FAE04EC0-301F-11D3-BF4B-00C04F79EFBC}") = "ChatApp.Dal", "ConsoleApp.Dal\ChatApp.Dal.csproj", "{36A60087-C1B6-4481-B613-FF00D096C6BA}"
EndProject
Project("{FAE04EC0-301F-11D3-BF4B-00C04F79EFBC}") = "ChatApp.Bl", "ChatApp.Bl\ChatApp.Bl.csproj", "{A4099AC2-39B1-4AC1-91DA-36AB7EC0B31B}"
EndProject
Project("{FAE04EC0-301F-11D3-BF4B-00C04F79EFBC}") = "ChatApp.Dto", "ChatApp.Dto\ChatApp.Dto.csproj", "{6810887E-A262-476E-AA50-9BB48F79E4FC}"
EndProject
Global
	GlobalSection(SolutionConfigurationPlatforms) = preSolution
		Debug|Any CPU = Debug|Any CPU
		Release|Any CPU = Release|Any CPU
	EndGlobalSection
	GlobalSection(ProjectConfigurationPlatforms) = postSolution
		{A806BA0F-4097-413A-A3F0-30496BCFBFE2}.Debug|Any CPU.ActiveCfg = Debug|Any CPU
		{A806BA0F-4097-413A-A3F0-30496BCFBFE2}.Debug|Any CPU.Build.0 = Debug|Any CPU
		{A806BA0F-4097-413A-A3F0-30496BCFBFE2}.Release|Any CPU.ActiveCfg = Release|Any CPU
		{A806BA0F-4097-413A-A3F0-30496BCFBFE2}.Release|Any CPU.Build.0 = Release|Any CPU
		{36A60087-C1B6-4481-B613-FF00D096C6BA}.Debug|Any CPU.ActiveCfg = Debug|Any CPU
		{36A60087-C1B6-4481-B613-FF00D096C6BA}.Debug|Any CPU.Build.0 = Debug|Any CPU
		{36A60087-C1B6-4481-B613-FF00D096C6BA}.Release|Any CPU.ActiveCfg = Release|Any CPU
		{36A60087-C1B6-4481-B613-FF00D096C6BA}.Release|Any CPU.Build.0 = Release|Any CPU
		{A4099AC2-39B1-4AC1-91DA-36AB7EC0B31B}.Debug|Any CPU.ActiveCfg = Debug|Any CPU
		{A4099AC2-39B1-4AC1-91DA-36AB7EC0B31B}.Debug|Any CPU.Build.0 = Debug|Any CPU
		{A4099AC2-39B1-4AC1-91DA-36AB7EC0B31B}.Release|Any CPU.ActiveCfg = Release|Any CPU
		{A4099AC2-39B1-4AC1-91DA-36AB7EC0B31B}.Release|Any CPU.Build.0 = Release|Any CPU
		{6810887E-A262-476E-AA50-9BB48F79E4FC}.Debug|Any CPU.ActiveCfg = Debug|Any CPU
		{6810887E-A262-476E-AA50-9BB48F79E4FC}.Debug|Any CPU.Build.0 = Debug|Any CPU
		{6810887E-A262-476E-AA50-9BB48F79E4FC}.Release|Any CPU.ActiveCfg = Release|Any CPU
		{6810887E-A262-476E-AA50-9BB48F79E4FC}.Release|Any CPU.Build.0 = Release|Any CPU
	EndGlobalSection
	GlobalSection(SolutionProperties) = preSolution
		HideSolutionNode = FALSE
	EndGlobalSection
EndGlobal
